
Microsoft Visual Studio Solution File, Format Version 12.00
# Visual Studio Version 16
VisualStudioVersion = 16.0.29503.13
MinimumVisualStudioVersion = 10.0.40219.1
Project("{FAE04EC0-301F-11D3-BF4B-00C04F79EFBC}") = "KiranaMart", "KiranaMart\KiranaMart.csproj", "{17B51580-F7F7-46EE-8ABE-B6D0E9250C01}"
EndProject
Global
	GlobalSection(SolutionConfigurationPlatforms) = preSolution
		Debug|Any CPU = Debug|Any CPU
		Release|Any CPU = Release|Any CPU
	EndGlobalSection
	GlobalSection(ProjectConfigurationPlatforms) = postSolution
		{17B51580-F7F7-46EE-8ABE-B6D0E9250C01}.Debug|Any CPU.ActiveCfg = Debug|Any CPU
		{17B51580-F7F7-46EE-8ABE-B6D0E9250C01}.Debug|Any CPU.Build.0 = Debug|Any CPU
		{17B51580-F7F7-46EE-8ABE-B6D0E9250C01}.Release|Any CPU.ActiveCfg = Release|Any CPU
		{17B51580-F7F7-46EE-8ABE-B6D0E9250C01}.Release|Any CPU.Build.0 = Release|Any CPU
	EndGlobalSection
	GlobalSection(SolutionProperties) = preSolution
		HideSolutionNode = FALSE
	EndGlobalSection
	GlobalSection(ExtensibilityGlobals) = postSolution
		SolutionGuid = {C1085D77-4884-49DB-8584-41BD97CE094E}
	EndGlobalSection
EndGlobal
